
Microsoft Visual Studio Solution File, Format Version 12.00
# Visual Studio Version 17
VisualStudioVersion = 17.9.34607.119
MinimumVisualStudioVersion = 10.0.40219.1
Project("{8BC9CEB8-8B4A-11D0-8D11-00A0C91BC942}") = "ParadigmaOOP1_0125", "ParadigmaOOP1_0125\ParadigmaOOP1_0125.vcxproj", "{250F7C62-0680-4890-85B2-7B846F38BA12}"
EndProject
Project("{8BC9CEB8-8B4A-11D0-8D11-00A0C91BC942}") = "Projek ke 2", "Projek ke 2\Projek ke 2.vcxproj", "{F88E9238-9A5A-404E-AABA-05615DCB87BA}"
EndProject
Project("{8BC9CEB8-8B4A-11D0-8D11-00A0C91BC942}") = "IBU dan ANAK", "IBU dan ANAK\IBU dan ANAK.vcxproj", "{84A32FAA-D8F3-49B7-A6E0-FB34FBBBEEEF}"
EndProject
Global
	GlobalSection(SolutionConfigurationPlatforms) = preSolution
		Debug|x64 = Debug|x64
		Debug|x86 = Debug|x86
		Release|x64 = Release|x64
		Release|x86 = Release|x86
	EndGlobalSection
	GlobalSection(ProjectConfigurationPlatforms) = postSolution
		{250F7C62-0680-4890-85B2-7B846F38BA12}.Debug|x64.ActiveCfg = Debug|x64
		{250F7C62-0680-4890-85B2-7B846F38BA12}.Debug|x64.Build.0 = Debug|x64
		{250F7C62-0680-4890-85B2-7B846F38BA12}.Debug|x86.ActiveCfg = Debug|Win32
		{250F7C62-0680-4890-85B2-7B846F38BA12}.Debug|x86.Build.0 = Debug|Win32
		{250F7C62-0680-4890-85B2-7B846F38BA12}.Release|x64.ActiveCfg = Release|x64
		{250F7C62-0680-4890-85B2-7B846F38BA12}.Release|x64.Build.0 = Release|x64
		{250F7C62-0680-4890-85B2-7B846F38BA12}.Release|x86.ActiveCfg = Release|Win32
		{250F7C62-0680-4890-85B2-7B846F38BA12}.Release|x86.Build.0 = Release|Win32
		{F88E9238-9A5A-404E-AABA-05615DCB87BA}.Debug|x64.ActiveCfg = Debug|x64
		{F88E9238-9A5A-404E-AABA-05615DCB87BA}.Debug|x64.Build.0 = Debug|x64
		{F88E9238-9A5A-404E-AABA-05615DCB87BA}.Debug|x86.ActiveCfg = Debug|Win32
		{F88E9238-9A5A-404E-AABA-05615DCB87BA}.Debug|x86.Build.0 = Debug|Win32
		{F88E9238-9A5A-404E-AABA-05615DCB87BA}.Release|x64.ActiveCfg = Release|x64
		{F88E9238-9A5A-404E-AABA-05615DCB87BA}.Release|x64.Build.0 = Release|x64
		{F88E9238-9A5A-404E-AABA-05615DCB87BA}.Release|x86.ActiveCfg = Release|Win32
		{F88E9238-9A5A-404E-AABA-05615DCB87BA}.Release|x86.Build.0 = Release|Win32
		{84A32FAA-D8F3-49B7-A6E0-FB34FBBBEEEF}.Debug|x64.ActiveCfg = Debug|x64
		{84A32FAA-D8F3-49B7-A6E0-FB34FBBBEEEF}.Debug|x64.Build.0 = Debug|x64
		{84A32FAA-D8F3-49B7-A6E0-FB34FBBBEEEF}.Debug|x86.ActiveCfg = Debug|Win32
		{84A32FAA-D8F3-49B7-A6E0-FB34FBBBEEEF}.Debug|x86.Build.0 = Debug|Win32
		{84A32FAA-D8F3-49B7-A6E0-FB34FBBBEEEF}.Release|x64.ActiveCfg = Release|x64
		{84A32FAA-D8F3-49B7-A6E0-FB34FBBBEEEF}.Release|x64.Build.0 = Release|x64
		{84A32FAA-D8F3-49B7-A6E0-FB34FBBBEEEF}.Release|x86.ActiveCfg = Release|Win32
		{84A32FAA-D8F3-49B7-A6E0-FB34FBBBEEEF}.Release|x86.Build.0 = Release|Win32
	EndGlobalSection
	GlobalSection(SolutionProperties) = preSolution
		HideSolutionNode = FALSE
	EndGlobalSection
	GlobalSection(ExtensibilityGlobals) = postSolution
		SolutionGuid = {14BD5080-5D30-4DDD-9E59-5AEB21BC994E}
	EndGlobalSection
EndGlobal
